
Microsoft Visual Studio Solution File, Format Version 12.00
# Visual Studio Version 16
VisualStudioVersion = 16.0.29613.14
MinimumVisualStudioVersion = 10.0.40219.1
Project("{9A19103F-16F7-4668-BE54-9A1E7A4F7556}") = "Better-Printing-for-OneNote", "Better-Printing-for-OneNote\Better-Printing-for-OneNote.csproj", "{BD308634-4BC3-4741-B207-BFF25D6931AA}"
EndProject
Global
	GlobalSection(SolutionConfigurationPlatforms) = preSolution
		Debug|Any CPU = Debug|Any CPU
		Release|Any CPU = Release|Any CPU
	EndGlobalSection
	GlobalSection(ProjectConfigurationPlatforms) = postSolution
		{BD308634-4BC3-4741-B207-BFF25D6931AA}.Debug|Any CPU.ActiveCfg = Debug|Any CPU
		{BD308634-4BC3-4741-B207-BFF25D6931AA}.Debug|Any CPU.Build.0 = Debug|Any CPU
		{BD308634-4BC3-4741-B207-BFF25D6931AA}.Release|Any CPU.ActiveCfg = Release|Any CPU
		{BD308634-4BC3-4741-B207-BFF25D6931AA}.Release|Any CPU.Build.0 = Release|Any CPU
	EndGlobalSection
	GlobalSection(SolutionProperties) = preSolution
		HideSolutionNode = FALSE
	EndGlobalSection
	GlobalSection(ExtensibilityGlobals) = postSolution
		SolutionGuid = {CE7D194E-CBA6-4444-B1BD-A963E4F09251}
	EndGlobalSection
EndGlobal
